
Microsoft Visual Studio Solution File, Format Version 12.00
# Visual Studio Version 17
VisualStudioVersion = 17.7.33711.374
MinimumVisualStudioVersion = 10.0.40219.1
Project("{FAE04EC0-301F-11D3-BF4B-00C04F79EFBC}") = "SecProbWeb", "SecProbWeb.csproj", "{21D20C0D-419C-4BE6-9D77-910B1C1A034E}"
EndProject
Global
	GlobalSection(SolutionConfigurationPlatforms) = preSolution
		Debug|Any CPU = Debug|Any CPU
		Release|Any CPU = Release|Any CPU
	EndGlobalSection
	GlobalSection(ProjectConfigurationPlatforms) = postSolution
		{21D20C0D-419C-4BE6-9D77-910B1C1A034E}.Debug|Any CPU.ActiveCfg = Debug|Any CPU
		{21D20C0D-419C-4BE6-9D77-910B1C1A034E}.Debug|Any CPU.Build.0 = Debug|Any CPU
		{21D20C0D-419C-4BE6-9D77-910B1C1A034E}.Release|Any CPU.ActiveCfg = Release|Any CPU
		{21D20C0D-419C-4BE6-9D77-910B1C1A034E}.Release|Any CPU.Build.0 = Release|Any CPU
	EndGlobalSection
	GlobalSection(SolutionProperties) = preSolution
		HideSolutionNode = FALSE
	EndGlobalSection
	GlobalSection(ExtensibilityGlobals) = postSolution
		SolutionGuid = {4587FB20-1F12-46A6-8CDD-74350316027B}
	EndGlobalSection
EndGlobal
